// !$*UTF8*$!
{
	archiveVersion = 1;
	classes = {
	};
	objectVersion = 48;
	objects = {

/* Begin PBXBuildFile section */
		008E831F206233C900F03F9C /* CustumDavCell.m in Sources */ = {isa = PBXBuildFile; fileRef = 008E831E206233C900F03F9C /* CustumDavCell.m */; };
		00D569E7205BD4AD002E812A /* AppDelegate.m in Sources */ = {isa = PBXBuildFile; fileRef = 00D569E6205BD4AD002E812A /* AppDelegate.m */; };
		00D569EA205BD4AD002E812A /* ViewController.m in Sources */ = {isa = PBXBuildFile; fileRef = 00D569E9205BD4AD002E812A /* ViewController.m */; };
		00D569ED205BD4AD002E812A /* Main.storyboard in Resources */ = {isa = PBXBuildFile; fileRef = 00D569EB205BD4AD002E812A /* Main.storyboard */; };
		00D569EF205BD4AD002E812A /* Assets.xcassets in Resources */ = {isa = PBXBuildFile; fileRef = 00D569EE205BD4AD002E812A /* Assets.xcassets */; };
		00D569F2205BD4AD002E812A /* LaunchScreen.storyboard in Resources */ = {isa = PBXBuildFile; fileRef = 00D569F0205BD4AD002E812A /* LaunchScreen.storyboard */; };
		00D569F5205BD4AD002E812A /* main.m in Sources */ = {isa = PBXBuildFile; fileRef = 00D569F4205BD4AD002E812A /* main.m */; };
		1C7D1F410FC126E4A8C0E207 /* libPods-testTYT.a in Frameworks */ = {isa = PBXBuildFile; fileRef = 898F635BC74F61235D932967 /* libPods-testTYT.a */; };
/* End PBXBuildFile section */

/* Begin PBXFileReference section */
		008E831D206233C900F03F9C /* CustumDavCell.h */ = {isa = PBXFileReference; lastKnownFileType = sourcecode.c.h; path = CustumDavCell.h; sourceTree = "<group>"; };
		008E831E206233C900F03F9C /* CustumDavCell.m */ = {isa = PBXFileReference; lastKnownFileType = sourcecode.c.objc; path = CustumDavCell.m; sourceTree = "<group>"; };
		00D569E2205BD4AD002E812A /* testTYT.app */ = {isa = PBXFileReference; explicitFileType = wrapper.application; includeInIndex = 0; path = testTYT.app; sourceTree = BUILT_PRODUCTS_DIR; };
		00D569E5205BD4AD002E812A /* AppDelegate.h */ = {isa = PBXFileReference; lastKnownFileType = sourcecode.c.h; path = AppDelegate.h; sourceTree = "<group>"; };
		00D569E6205BD4AD002E812A /* AppDelegate.m */ = {isa = PBXFileReference; lastKnownFileType = sourcecode.c.objc; path = AppDelegate.m; sourceTree = "<group>"; };
		00D569E8205BD4AD002E812A /* ViewController.h */ = {isa = PBXFileReference; lastKnownFileType = sourcecode.c.h; path = ViewController.h; sourceTree = "<group>"; };
		00D569E9205BD4AD002E812A /* ViewController.m */ = {isa = PBXFileReference; lastKnownFileType = sourcecode.c.objc; path = ViewController.m; sourceTree = "<group>"; };
		00D569EC205BD4AD002E812A /* Base */ = {isa = PBXFileReference; lastKnownFileType = file.storyboard; name = Base; path = Base.lproj/Main.storyboard; sourceTree = "<group>"; };
		00D569EE205BD4AD002E812A /* Assets.xcassets */ = {isa = PBXFileReference; lastKnownFileType = folder.assetcatalog; path = Assets.xcassets; sourceTree = "<group>"; };
		00D569F1205BD4AD002E812A /* Base */ = {isa = PBXFileReference; lastKnownFileType = file.storyboard; name = Base; path = Base.lproj/LaunchScreen.storyboard; sourceTree = "<group>"; };
		00D569F3205BD4AD002E812A /* Info.plist */ = {isa = PBXFileReference; lastKnownFileType = text.plist.xml; path = Info.plist; sourceTree = "<group>"; };
		00D569F4205BD4AD002E812A /* main.m */ = {isa = PBXFileReference; lastKnownFileType = sourcecode.c.objc; path = main.m; sourceTree = "<group>"; };
		898F635BC74F61235D932967 /* libPods-testTYT.a */ = {isa = PBXFileReference; explicitFileType = archive.ar; includeInIndex = 0; path = "libPods-testTYT.a"; sourceTree = BUILT_PRODUCTS_DIR; };
		A79DF3DAC3B1CBD1BF4B3425 /* Pods-testTYT.release.xcconfig */ = {isa = PBXFileReference; includeInIndex = 1; lastKnownFileType = text.xcconfig; name = "Pods-testTYT.release.xcconfig"; path = "Pods/Target Support Files/Pods-testTYT/Pods-testTYT.release.xcconfig"; sourceTree = "<group>"; };
		BDA5293B1EB116A99B78EF5B /* Pods-testTYT.debug.xcconfig */ = {isa = PBXFileReference; includeInIndex = 1; lastKnownFileType = text.xcconfig; name = "Pods-testTYT.debug.xcconfig"; path = "Pods/Target Support Files/Pods-testTYT/Pods-testTYT.debug.xcconfig"; sourceTree = "<group>"; };
/* End PBXFileReference section */

/* Begin PBXFrameworksBuildPhase section */
		00D569DF205BD4AD002E812A /* Frameworks */ = {
			isa = PBXFrameworksBuildPhase;
			buildActionMask = 2147483647;
			files = (
				1C7D1F410FC126E4A8C0E207 /* libPods-testTYT.a in Frameworks */,
			);
			runOnlyForDeploymentPostprocessing = 0;
		};
/* End PBXFrameworksBuildPhase section */

/* Begin PBXGroup section */
		00D569D9205BD4AD002E812A = {
			isa = PBXGroup;
			children = (
				00D569E4205BD4AD002E812A /* testTYT */,
				00D569E3205BD4AD002E812A /* Products */,
				DEA33754574AF5A2AAC4AA5D /* Pods */,
				C1D13E4488537F7B436DAB0C /* Frameworks */,
			);
			sourceTree = "<group>";
		};
		00D569E3205BD4AD002E812A /* Products */ = {
			isa = PBXGroup;
			children = (
				00D569E2205BD4AD002E812A /* testTYT.app */,
			);
			name = Products;
			sourceTree = "<group>";
		};
		00D569E4205BD4AD002E812A /* testTYT */ = {
			isa = PBXGroup;
			children = (
				00D569E5205BD4AD002E812A /* AppDelegate.h */,
				00D569E6205BD4AD002E812A /* AppDelegate.m */,
				00D569E8205BD4AD002E812A /* ViewController.h */,
				00D569E9205BD4AD002E812A /* ViewController.m */,
				008E831D206233C900F03F9C /* CustumDavCell.h */,
				008E831E206233C900F03F9C /* CustumDavCell.m */,
				00D569EB205BD4AD002E812A /* Main.storyboard */,
				00D569EE205BD4AD002E812A /* Assets.xcassets */,
				00D569F0205BD4AD002E812A /* LaunchScreen.storyboard */,
				00D569F3205BD4AD002E812A /* Info.plist */,
				00D569F4205BD4AD002E812A /* main.m */,
			);
			path = testTYT;
			sourceTree = "<group>";
		};
		C1D13E4488537F7B436DAB0C /* Frameworks */ = {
			isa = PBXGroup;
			children = (
				898F635BC74F61235D932967 /* libPods-testTYT.a */,
			);
			name = Frameworks;
			sourceTree = "<group>";
		};
		DEA33754574AF5A2AAC4AA5D /* Pods */ = {
			isa = PBXGroup;
			children = (
				BDA5293B1EB116A99B78EF5B /* Pods-testTYT.debug.xcconfig */,
				A79DF3DAC3B1CBD1BF4B3425 /* Pods-testTYT.release.xcconfig */,
			);
			name = Pods;
			sourceTree = "<group>";
		};
/* End PBXGroup section */

/* Begin PBXNativeTarget section */
		00D569E1205BD4AD002E812A /* testTYT */ = {
			isa = PBXNativeTarget;
			buildConfigurationList = 00D569F8205BD4AD002E812A /* Build configuration list for PBXNativeTarget "testTYT" */;
			buildPhases = (
				151ED64FB78A3631EE319493 /* [CP] Check Pods Manifest.lock */,
				00D569DE205BD4AD002E812A /* Sources */,
				00D569DF205BD4AD002E812A /* Frameworks */,
				00D569E0205BD4AD002E812A /* Resources */,
				4506DDDF882D27C2C94DA413 /* [CP] Embed Pods Frameworks */,
				A3C81754207F3E95AC3C942F /* [CP] Copy Pods Resources */,
			);
			buildRules = (
			);
			dependencies = (
			);
			name = testTYT;
			productName = testTYT;
			productReference = 00D569E2205BD4AD002E812A /* testTYT.app */;
			productType = "com.apple.product-type.application";
		};
/* End PBXNativeTarget section */

/* Begin PBXProject section */
		00D569DA205BD4AD002E812A /* Project object */ = {
			isa = PBXProject;
			attributes = {
				LastUpgradeCheck = 0920;
				ORGANIZATIONNAME = ManMeng;
				TargetAttributes = {
					00D569E1205BD4AD002E812A = {
						CreatedOnToolsVersion = 9.2;
						ProvisioningStyle = Automatic;
					};
				};
			};
			buildConfigurationList = 00D569DD205BD4AD002E812A /* Build configuration list for PBXProject "testTYT" */;
			compatibilityVersion = "Xcode 8.0";
			developmentRegion = en;
			hasScannedForEncodings = 0;
			knownRegions = (
				en,
				Base,
			);
			mainGroup = 00D569D9205BD4AD002E812A;
			productRefGroup = 00D569E3205BD4AD002E812A /* Products */;
			projectDirPath = "";
			projectRoot = "";
			targets = (
				00D569E1205BD4AD002E812A /* testTYT */,
			);
		};
/* End PBXProject section */

/* Begin PBXResourcesBuildPhase section */
		00D569E0205BD4AD002E812A /* Resources */ = {
			isa = PBXResourcesBuildPhase;
			buildActionMask = 2147483647;
			files = (
				00D569F2205BD4AD002E812A /* LaunchScreen.storyboard in Resources */,
				00D569EF205BD4AD002E812A /* Assets.xcassets in Resources */,
				00D569ED205BD4AD002E812A /* Main.storyboard in Resources */,
			);
			runOnlyForDeploymentPostprocessing = 0;
		};
/* End PBXResourcesBuildPhase section */

/* Begin PBXShellScriptBuildPhase section */
		151ED64FB78A3631EE319493 /* [CP] Check Pods Manifest.lock */ = {
			isa = PBXShellScriptBuildPhase;
			buildActionMask = 2147483647;
			files = (
			);
			inputPaths = (
				"${PODS_PODFILE_DIR_PATH}/Podfile.lock",
				"${PODS_ROOT}/Manifest.lock",
			);
			name = "[CP] Check Pods Manifest.lock";
			outputPaths = (
				"$(DERIVED_FILE_DIR)/Pods-testTYT-checkManifestLockResult.txt",
			);
			runOnlyForDeploymentPostprocessing = 0;
			shellPath = /bin/sh;
			shellScript = "diff \"${PODS_PODFILE_DIR_PATH}/Podfile.lock\" \"${PODS_ROOT}/Manifest.lock\" > /dev/null\nif [ $? != 0 ] ; then\n    # print error to STDERR\n    echo \"error: The sandbox is not in sync with the Podfile.lock. Run 'pod install' or update your CocoaPods installation.\" >&2\n    exit 1\nfi\n# This output is used by Xcode 'outputs' to avoid re-running this script phase.\necho \"SUCCESS\" > \"${SCRIPT_OUTPUT_FILE_0}\"\n";
			showEnvVarsInLog = 0;
		};
		4506DDDF882D27C2C94DA413 /* [CP] Embed Pods Frameworks */ = {
			isa = PBXShellScriptBuildPhase;
			buildActionMask = 2147483647;
			files = (
			);
			inputPaths = (
			);
			name = "[CP] Embed Pods Frameworks";
			outputPaths = (
			);
			runOnlyForDeploymentPostprocessing = 0;
			shellPath = /bin/sh;
			shellScript = "\"${SRCROOT}/Pods/Target Support Files/Pods-testTYT/Pods-testTYT-frameworks.sh\"\n";
			showEnvVarsInLog = 0;
		};
		A3C81754207F3E95AC3C942F /* [CP] Copy Pods Resources */ = {
			isa = PBXShellScriptBuildPhase;
			buildActionMask = 2147483647;
			files = (
			);
			inputPaths = (
			);
			name = "[CP] Copy Pods Resources";
			outputPaths = (
			);
			runOnlyForDeploymentPostprocessing = 0;
			shellPath = /bin/sh;
			shellScript = "\"${SRCROOT}/Pods/Target Support Files/Pods-testTYT/Pods-testTYT-resources.sh\"\n";
			showEnvVarsInLog = 0;
		};
/* End PBXShellScriptBuildPhase section */

/* Begin PBXSourcesBuildPhase section */
		00D569DE205BD4AD002E812A /* Sources */ = {
			isa = PBXSourcesBuildPhase;
			buildActionMask = 2147483647;
			files = (
				00D569EA205BD4AD002E812A /* ViewController.m in Sources */,
				00D569F5205BD4AD002E812A /* main.m in Sources */,
				008E831F206233C900F03F9C /* CustumDavCell.m in Sources */,
				00D569E7205BD4AD002E812A /* AppDelegate.m in Sources */,
			);
			runOnlyForDeploymentPostprocessing = 0;
		};
/* End PBXSourcesBuildPhase section */

/* Begin PBXVariantGroup section */
		00D569EB205BD4AD002E812A /* Main.storyboard */ = {
			isa = PBXVariantGroup;
			children = (
				00D569EC205BD4AD002E812A /* Base */,
			);
			name = Main.storyboard;
			sourceTree = "<group>";
		};
		00D569F0205BD4AD002E812A /* LaunchScreen.storyboard */ = {
			isa = PBXVariantGroup;
			children = (
				00D569F1205BD4AD002E812A /* Base */,
			);
			name = LaunchScreen.storyboard;
			sourceTree = "<group>";
		};
/* End PBXVariantGroup section */

/* Begin XCBuildConfiguration section */
		00D569F6205BD4AD002E812A /* Debug */ = {
			isa = XCBuildConfiguration;
			buildSettings = {
				ALWAYS_SEARCH_USER_PATHS = NO;
				CLANG_ANALYZER_NONNULL = YES;
				CLANG_ANALYZER_NUMBER_OBJECT_CONVERSION = YES_AGGRESSIVE;
				CLANG_CXX_LANGUAGE_STANDARD = "gnu++14";
				CLANG_CXX_LIBRARY = "libc++";
				CLANG_ENABLE_MODULES = YES;
				CLANG_ENABLE_OBJC_ARC = YES;
				CLANG_WARN_BLOCK_CAPTURE_AUTORELEASING = YES;
				CLANG_WARN_BOOL_CONVERSION = YES;
				CLANG_WARN_COMMA = YES;
				CLANG_WARN_CONSTANT_CONVERSION = YES;
				CLANG_WARN_DIRECT_OBJC_ISA_USAGE = YES_ERROR;
				CLANG_WARN_DOCUMENTATION_COMMENTS = YES;
				CLANG_WARN_EMPTY_BODY = YES;
				CLANG_WARN_ENUM_CONVERSION = YES;
				CLANG_WARN_INFINITE_RECURSION = YES;
				CLANG_WARN_INT_CONVERSION = YES;
				CLANG_WARN_NON_LITERAL_NULL_CONVERSION = YES;
				CLANG_WARN_OBJC_LITERAL_CONVERSION = YES;
				CLANG_WARN_OBJC_ROOT_CLASS = YES_ERROR;
				CLANG_WARN_RANGE_LOOP_ANALYSIS = YES;
				CLANG_WARN_STRICT_PROTOTYPES = YES;
				CLANG_WARN_SUSPICIOUS_MOVE = YES;
				CLANG_WARN_UNGUARDED_AVAILABILITY = YES_AGGRESSIVE;
				CLANG_WARN_UNREACHABLE_CODE = YES;
				CLANG_WARN__DUPLICATE_METHOD_MATCH = YES;
				CODE_SIGN_IDENTITY = "iPhone Developer";
				COPY_PHASE_STRIP = NO;
				DEBUG_INFORMATION_FORMAT = dwarf;
				ENABLE_STRICT_OBJC_MSGSEND = YES;
				ENABLE_TESTABILITY = YES;
				GCC_C_LANGUAGE_STANDARD = gnu11;
				GCC_DYNAMIC_NO_PIC = NO;
				GCC_NO_COMMON_BLOCKS = YES;
				GCC_OPTIMIZATION_LEVEL = 0;
				GCC_PREPROCESSOR_DEFINITIONS = (
					"DEBUG=1",
					"$(inherited)",
				);
				GCC_WARN_64_TO_32_BIT_CONVERSION = YES;
				GCC_WARN_ABOUT_RETURN_TYPE = YES_ERROR;
				GCC_WARN_UNDECLARED_SELECTOR = YES;
				GCC_WARN_UNINITIALIZED_AUTOS = YES_AGGRESSIVE;
				GCC_WARN_UNUSED_FUNCTION = YES;
				GCC_WARN_UNUSED_VARIABLE = YES;
				IPHONEOS_DEPLOYMENT_TARGET = 11.2;
				MTL_ENABLE_DEBUG_INFO = YES;
				ONLY_ACTIVE_ARCH = YES;
				SDKROOT = iphoneos;
			};
			name = Debug;
		};
		00D569F7205BD4AD002E812A /* Release */ = {
			isa = XCBuildConfiguration;
			buildSettings = {
				ALWAYS_SEARCH_USER_PATHS = NO;
				CLANG_ANALYZER_NONNULL = YES;
				CLANG_ANALYZER_NUMBER_OBJECT_CONVERSION = YES_AGGRESSIVE;
				CLANG_CXX_LANGUAGE_STANDARD = "gnu++14";
				CLANG_CXX_LIBRARY = "libc++";
				CLANG_ENABLE_MODULES = YES;
				CLANG_ENABLE_OBJC_ARC = YES;
				CLANG_WARN_BLOCK_CAPTURE_AUTORELEASING = YES;
				CLANG_WARN_BOOL_CONVERSION = YES;
				CLANG_WARN_COMMA = YES;
				CLANG_WARN_CONSTANT_CONVERSION = YES;
				CLANG_WARN_DIRECT_OBJC_ISA_USAGE = YES_ERROR;
				CLANG_WARN_DOCUMENTATION_COMMENTS = YES;
				CLANG_WARN_EMPTY_BODY = YES;
				CLANG_WARN_ENUM_CONVERSION = YES;
				CLANG_WARN_INFINITE_RECURSION = YES;
				CLANG_WARN_INT_CONVERSION = YES;
				CLANG_WARN_NON_LITERAL_NULL_CONVERSION = YES;
				CLANG_WARN_OBJC_LITERAL_CONVERSION = YES;
				CLANG_WARN_OBJC_ROOT_CLASS = YES_ERROR;
				CLANG_WARN_RANGE_LOOP_ANALYSIS = YES;
				CLANG_WARN_STRICT_PROTOTYPES = YES;
				CLANG_WARN_SUSPICIOUS_MOVE = YES;
				CLANG_WARN_UNGUARDED_AVAILABILITY = YES_AGGRESSIVE;
				CLANG_WARN_UNREACHABLE_CODE = YES;
				CLANG_WARN__DUPLICATE_METHOD_MATCH = YES;
				CODE_SIGN_IDENTITY = "iPhone Developer";
				COPY_PHASE_STRIP = NO;
				DEBUG_INFORMATION_FORMAT = "dwarf-with-dsym";
				ENABLE_NS_ASSERTIONS = NO;
				ENABLE_STRICT_OBJC_MSGSEND = YES;
				GCC_C_LANGUAGE_STANDARD = gnu11;
				GCC_NO_COMMON_BLOCKS = YES;
				GCC_WARN_64_TO_32_BIT_CONVERSION = YES;
				GCC_WARN_ABOUT_RETURN_TYPE = YES_ERROR;
				GCC_WARN_UNDECLARED_SELECTOR = YES;
				GCC_WARN_UNINITIALIZED_AUTOS = YES_AGGRESSIVE;
				GCC_WARN_UNUSED_FUNCTION = YES;
				GCC_WARN_UNUSED_VARIABLE = YES;
				IPHONEOS_DEPLOYMENT_TARGET = 11.2;
				MTL_ENABLE_DEBUG_INFO = NO;
				SDKROOT = iphoneos;
				VALIDATE_PRODUCT = YES;
			};
			name = Release;
		};
		00D569F9205BD4AD002E812A /* Debug */ = {
			isa = XCBuildConfiguration;
			baseConfigurationReference = BDA5293B1EB116A99B78EF5B /* Pods-testTYT.debug.xcconfig */;
			buildSettings = {
				ASSETCATALOG_COMPILER_APPICON_NAME = AppIcon;
				CODE_SIGN_STYLE = Automatic;
				DEFINES_MODULE = NO;
				DEVELOPMENT_TEAM = D4GZ4G6599;
				INFOPLIST_FILE = testTYT/Info.plist;
				LD_RUNPATH_SEARCH_PATHS = "$(inherited) @executable_path/Frameworks";
				PRODUCT_BUNDLE_IDENTIFIER = manMeng.testTYT;
				PRODUCT_NAME = "$(TARGET_NAME)";
				TARGETED_DEVICE_FAMILY = "1,2";
			};
			name = Debug;
		};
		00D569FA205BD4AD002E812A /* Release */ = {
			isa = XCBuildConfiguration;
			baseConfigurationReference = A79DF3DAC3B1CBD1BF4B3425 /* Pods-testTYT.release.xcconfig */;
			buildSettings = {
				ASSETCATALOG_COMPILER_APPICON_NAME = AppIcon;
				CODE_SIGN_STYLE = Automatic;
				DEFINES_MODULE = NO;
				DEVELOPMENT_TEAM = D4GZ4G6599;
				INFOPLIST_FILE = testTYT/Info.plist;
				LD_RUNPATH_SEARCH_PATHS = "$(inherited) @executable_path/Frameworks";
				PRODUCT_BUNDLE_IDENTIFIER = manMeng.testTYT;
				PRODUCT_NAME = "$(TARGET_NAME)";
				TARGETED_DEVICE_FAMILY = "1,2";
			};
			name = Release;
		};
/* End XCBuildConfiguration section */

/* Begin XCConfigurationList section */
		00D569DD205BD4AD002E812A /* Build configuration list for PBXProject "testTYT" */ = {
			isa = XCConfigurationList;
			buildConfigurations = (
				00D569F6205BD4AD002E812A /* Debug */,
				00D569F7205BD4AD002E812A /* Release */,
			);
			defaultConfigurationIsVisible = 0;
			defaultConfigurationName = Release;
		};
		00D569F8205BD4AD002E812A /* Build configuration list for PBXNativeTarget "testTYT" */ = {
			isa = XCConfigurationList;
			buildConfigurations = (
				00D569F9205BD4AD002E812A /* Debug */,
				00D569FA205BD4AD002E812A /* Release */,
			);
			defaultConfigurationIsVisible = 0;
			defaultConfigurationName = Release;
		};
/* End XCConfigurationList section */
	};
	rootObject = 00D569DA205BD4AD002E812A /* Project object */;
}
